
Microsoft Visual Studio Solution File, Format Version 12.00
# Visual Studio Version 17
VisualStudioVersion = 17.5.33414.496
MinimumVisualStudioVersion = 10.0.40219.1
Project("{FAE04EC0-301F-11D3-BF4B-00C04F79EFBC}") = "تکلیف3", "تکلیف3\تکلیف3.csproj", "{387BAF70-C1F9-4873-91AC-5DA74273A9DA}"
EndProject
Global
	GlobalSection(SolutionConfigurationPlatforms) = preSolution
		Debug|Any CPU = Debug|Any CPU
		Release|Any CPU = Release|Any CPU
	EndGlobalSection
	GlobalSection(ProjectConfigurationPlatforms) = postSolution
		{387BAF70-C1F9-4873-91AC-5DA74273A9DA}.Debug|Any CPU.ActiveCfg = Debug|Any CPU
		{387BAF70-C1F9-4873-91AC-5DA74273A9DA}.Debug|Any CPU.Build.0 = Debug|Any CPU
		{387BAF70-C1F9-4873-91AC-5DA74273A9DA}.Release|Any CPU.ActiveCfg = Release|Any CPU
		{387BAF70-C1F9-4873-91AC-5DA74273A9DA}.Release|Any CPU.Build.0 = Release|Any CPU
	EndGlobalSection
	GlobalSection(SolutionProperties) = preSolution
		HideSolutionNode = FALSE
	EndGlobalSection
	GlobalSection(ExtensibilityGlobals) = postSolution
		SolutionGuid = {707A8AE7-9B9D-428E-A905-91E2493903F7}
	EndGlobalSection
EndGlobal
